Microsoft Visual Studio Solution File, Format Version 12.00
# Visual Studio Express 2013 for Windows Desktop
Project("{8BC9CEB8-8B4A-11D0-8D11-00A0C91BC942}") = "ALL_BUILD", "ALL_BUILD.vcxproj", "{5490D542-E4D7-4257-9ACC-E51A015E36A6}"
	ProjectSection(ProjectDependencies) = postProject
		{4A11BA30-C488-4F07-B7B6-9B44DCB5501C} = {4A11BA30-C488-4F07-B7B6-9B44DCB5501C}
		{575A3B43-9896-48CC-9739-62A2F38B6964} = {575A3B43-9896-48CC-9739-62A2F38B6964}
		{71137F86-D751-4D74-815C-92034D58708D} = {71137F86-D751-4D74-815C-92034D58708D}
		{233DEF9C-79F8-4D24-9448-0AAD706B3888} = {233DEF9C-79F8-4D24-9448-0AAD706B3888}
		{BD0EBE5A-3651-462F-B4D0-7E18A0E49D46} = {BD0EBE5A-3651-462F-B4D0-7E18A0E49D46}
	EndProjectSection
EndProject
Project("{8BC9CEB8-8B4A-11D0-8D11-00A0C91BC942}") = "INSTALL", "INSTALL.vcxproj", "{1491E5AA-AB05-43EA-81EB-9608FD7AC2B2}"
	ProjectSection(ProjectDependencies) = postProject
		{5490D542-E4D7-4257-9ACC-E51A015E36A6} = {5490D542-E4D7-4257-9ACC-E51A015E36A6}
	EndProjectSection
EndProject
Project("{8BC9CEB8-8B4A-11D0-8D11-00A0C91BC942}") = "RUN_TESTS", "RUN_TESTS.vcxproj", "{6E476081-D5D8-4290-B2A7-69A277D3A820}"
	ProjectSection(ProjectDependencies) = postProject
	EndProjectSection
EndProject
Project("{8BC9CEB8-8B4A-11D0-8D11-00A0C91BC942}") = "ZERO_CHECK", "ZERO_CHECK.vcxproj", "{4A11BA30-C488-4F07-B7B6-9B44DCB5501C}"
	ProjectSection(ProjectDependencies) = postProject
	EndProjectSection
EndProject
Project("{8BC9CEB8-8B4A-11D0-8D11-00A0C91BC942}") = "example", "example.vcxproj", "{575A3B43-9896-48CC-9739-62A2F38B6964}"
	ProjectSection(ProjectDependencies) = postProject
		{4A11BA30-C488-4F07-B7B6-9B44DCB5501C} = {4A11BA30-C488-4F07-B7B6-9B44DCB5501C}
		{233DEF9C-79F8-4D24-9448-0AAD706B3888} = {233DEF9C-79F8-4D24-9448-0AAD706B3888}
	EndProjectSection
EndProject
Project("{8BC9CEB8-8B4A-11D0-8D11-00A0C91BC942}") = "minigzip", "minigzip.vcxproj", "{71137F86-D751-4D74-815C-92034D58708D}"
	ProjectSection(ProjectDependencies) = postProject
		{4A11BA30-C488-4F07-B7B6-9B44DCB5501C} = {4A11BA30-C488-4F07-B7B6-9B44DCB5501C}
		{233DEF9C-79F8-4D24-9448-0AAD706B3888} = {233DEF9C-79F8-4D24-9448-0AAD706B3888}
	EndProjectSection
EndProject
Project("{8BC9CEB8-8B4A-11D0-8D11-00A0C91BC942}") = "zlib", "zlib.vcxproj", "{233DEF9C-79F8-4D24-9448-0AAD706B3888}"
	ProjectSection(ProjectDependencies) = postProject
		{4A11BA30-C488-4F07-B7B6-9B44DCB5501C} = {4A11BA30-C488-4F07-B7B6-9B44DCB5501C}
	EndProjectSection
EndProject
Project("{8BC9CEB8-8B4A-11D0-8D11-00A0C91BC942}") = "zlibstatic", "zlibstatic.vcxproj", "{BD0EBE5A-3651-462F-B4D0-7E18A0E49D46}"
	ProjectSection(ProjectDependencies) = postProject
		{4A11BA30-C488-4F07-B7B6-9B44DCB5501C} = {4A11BA30-C488-4F07-B7B6-9B44DCB5501C}
	EndProjectSection
EndProject
Global
	GlobalSection(SolutionConfigurationPlatforms) = preSolution
		Debug|Win32 = Debug|Win32
		Release|Win32 = Release|Win32
		MinSizeRel|Win32 = MinSizeRel|Win32
		RelWithDebInfo|Win32 = RelWithDebInfo|Win32
	EndGlobalSection
	GlobalSection(ProjectConfigurationPlatforms) = postSolution
		{5490D542-E4D7-4257-9ACC-E51A015E36A6}.Debug|Win32.ActiveCfg = Debug|Win32
		{5490D542-E4D7-4257-9ACC-E51A015E36A6}.Debug|Win32.Build.0 = Debug|Win32
		{5490D542-E4D7-4257-9ACC-E51A015E36A6}.Release|Win32.ActiveCfg = Release|Win32
		{5490D542-E4D7-4257-9ACC-E51A015E36A6}.Release|Win32.Build.0 = Release|Win32
		{5490D542-E4D7-4257-9ACC-E51A015E36A6}.MinSizeRel|Win32.ActiveCfg = MinSizeRel|Win32
		{5490D542-E4D7-4257-9ACC-E51A015E36A6}.MinSizeRel|Win32.Build.0 = MinSizeRel|Win32
		{5490D542-E4D7-4257-9ACC-E51A015E36A6}.RelWithDebInfo|Win32.ActiveCfg = RelWithDebInfo|Win32
		{5490D542-E4D7-4257-9ACC-E51A015E36A6}.RelWithDebInfo|Win32.Build.0 = RelWithDebInfo|Win32
		{1491E5AA-AB05-43EA-81EB-9608FD7AC2B2}.Debug|Win32.ActiveCfg = Debug|Win32
		{1491E5AA-AB05-43EA-81EB-9608FD7AC2B2}.Release|Win32.ActiveCfg = Release|Win32
		{1491E5AA-AB05-43EA-81EB-9608FD7AC2B2}.MinSizeRel|Win32.ActiveCfg = MinSizeRel|Win32
		{1491E5AA-AB05-43EA-81EB-9608FD7AC2B2}.RelWithDebInfo|Win32.ActiveCfg = RelWithDebInfo|Win32
		{6E476081-D5D8-4290-B2A7-69A277D3A820}.Debug|Win32.ActiveCfg = Debug|Win32
		{6E476081-D5D8-4290-B2A7-69A277D3A820}.Release|Win32.ActiveCfg = Release|Win32
		{6E476081-D5D8-4290-B2A7-69A277D3A820}.MinSizeRel|Win32.ActiveCfg = MinSizeRel|Win32
		{6E476081-D5D8-4290-B2A7-69A277D3A820}.RelWithDebInfo|Win32.ActiveCfg = RelWithDebInfo|Win32
		{4A11BA30-C488-4F07-B7B6-9B44DCB5501C}.Debug|Win32.ActiveCfg = Debug|Win32
		{4A11BA30-C488-4F07-B7B6-9B44DCB5501C}.Debug|Win32.Build.0 = Debug|Win32
		{4A11BA30-C488-4F07-B7B6-9B44DCB5501C}.Release|Win32.ActiveCfg = Release|Win32
		{4A11BA30-C488-4F07-B7B6-9B44DCB5501C}.Release|Win32.Build.0 = Release|Win32
		{4A11BA30-C488-4F07-B7B6-9B44DCB5501C}.MinSizeRel|Win32.ActiveCfg = MinSizeRel|Win32
		{4A11BA30-C488-4F07-B7B6-9B44DCB5501C}.MinSizeRel|Win32.Build.0 = MinSizeRel|Win32
		{4A11BA30-C488-4F07-B7B6-9B44DCB5501C}.RelWithDebInfo|Win32.ActiveCfg = RelWithDebInfo|Win32
		{4A11BA30-C488-4F07-B7B6-9B44DCB5501C}.RelWithDebInfo|Win32.Build.0 = RelWithDebInfo|Win32
		{575A3B43-9896-48CC-9739-62A2F38B6964}.Debug|Win32.ActiveCfg = Debug|Win32
		{575A3B43-9896-48CC-9739-62A2F38B6964}.Debug|Win32.Build.0 = Debug|Win32
		{575A3B43-9896-48CC-9739-62A2F38B6964}.Release|Win32.ActiveCfg = Release|Win32
		{575A3B43-9896-48CC-9739-62A2F38B6964}.Release|Win32.Build.0 = Release|Win32
		{575A3B43-9896-48CC-9739-62A2F38B6964}.MinSizeRel|Win32.ActiveCfg = MinSizeRel|Win32
		{575A3B43-9896-48CC-9739-62A2F38B6964}.MinSizeRel|Win32.Build.0 = MinSizeRel|Win32
		{575A3B43-9896-48CC-9739-62A2F38B6964}.RelWithDebInfo|Win32.ActiveCfg = RelWithDebInfo|Win32
		{575A3B43-9896-48CC-9739-62A2F38B6964}.RelWithDebInfo|Win32.Build.0 = RelWithDebInfo|Win32
		{71137F86-D751-4D74-815C-92034D58708D}.Debug|Win32.ActiveCfg = Debug|Win32
		{71137F86-D751-4D74-815C-92034D58708D}.Debug|Win32.Build.0 = Debug|Win32
		{71137F86-D751-4D74-815C-92034D58708D}.Release|Win32.ActiveCfg = Release|Win32
		{71137F86-D751-4D74-815C-92034D58708D}.Release|Win32.Build.0 = Release|Win32
		{71137F86-D751-4D74-815C-92034D58708D}.MinSizeRel|Win32.ActiveCfg = MinSizeRel|Win32
		{71137F86-D751-4D74-815C-92034D58708D}.MinSizeRel|Win32.Build.0 = MinSizeRel|Win32
		{71137F86-D751-4D74-815C-92034D58708D}.RelWithDebInfo|Win32.ActiveCfg = RelWithDebInfo|Win32
		{71137F86-D751-4D74-815C-92034D58708D}.RelWithDebInfo|Win32.Build.0 = RelWithDebInfo|Win32
		{233DEF9C-79F8-4D24-9448-0AAD706B3888}.Debug|Win32.ActiveCfg = Debug|Win32
		{233DEF9C-79F8-4D24-9448-0AAD706B3888}.Debug|Win32.Build.0 = Debug|Win32
		{233DEF9C-79F8-4D24-9448-0AAD706B3888}.Release|Win32.ActiveCfg = Release|Win32
		{233DEF9C-79F8-4D24-9448-0AAD706B3888}.Release|Win32.Build.0 = Release|Win32
		{233DEF9C-79F8-4D24-9448-0AAD706B3888}.MinSizeRel|Win32.ActiveCfg = MinSizeRel|Win32
		{233DEF9C-79F8-4D24-9448-0AAD706B3888}.MinSizeRel|Win32.Build.0 = MinSizeRel|Win32
		{233DEF9C-79F8-4D24-9448-0AAD706B3888}.RelWithDebInfo|Win32.ActiveCfg = RelWithDebInfo|Win32
		{233DEF9C-79F8-4D24-9448-0AAD706B3888}.RelWithDebInfo|Win32.Build.0 = RelWithDebInfo|Win32
		{BD0EBE5A-3651-462F-B4D0-7E18A0E49D46}.Debug|Win32.ActiveCfg = Debug|Win32
		{BD0EBE5A-3651-462F-B4D0-7E18A0E49D46}.Debug|Win32.Build.0 = Debug|Win32
		{BD0EBE5A-3651-462F-B4D0-7E18A0E49D46}.Release|Win32.ActiveCfg = Release|Win32
		{BD0EBE5A-3651-462F-B4D0-7E18A0E49D46}.Release|Win32.Build.0 = Release|Win32
		{BD0EBE5A-3651-462F-B4D0-7E18A0E49D46}.MinSizeRel|Win32.ActiveCfg = MinSizeRel|Win32
		{BD0EBE5A-3651-462F-B4D0-7E18A0E49D46}.MinSizeRel|Win32.Build.0 = MinSizeRel|Win32
		{BD0EBE5A-3651-462F-B4D0-7E18A0E49D46}.RelWithDebInfo|Win32.ActiveCfg = RelWithDebInfo|Win32
		{BD0EBE5A-3651-462F-B4D0-7E18A0E49D46}.RelWithDebInfo|Win32.Build.0 = RelWithDebInfo|Win32
	EndGlobalSection
	GlobalSection(ExtensibilityGlobals) = postSolution
	EndGlobalSection
	GlobalSection(ExtensibilityAddIns) = postSolution
	EndGlobalSection
EndGlobal
